
Microsoft Visual Studio Solution File, Format Version 12.00
# Visual Studio 14
VisualStudioVersion = 14.0.24720.0
MinimumVisualStudioVersion = 10.0.40219.1
Project("{FAE04EC0-301F-11D3-BF4B-00C04F79EFBC}") = "ROPInfrastructure", "ROPInfrastructure\ROPInfrastructure.csproj", "{D7A069F0-B74A-4199-A59E-0BD2C8303D5C}"
EndProject
Project("{FAE04EC0-301F-11D3-BF4B-00C04F79EFBC}") = "ROPObjects", "ROPObjects\ROPObjects.csproj", "{DF7A557B-39A8-42DD-BA4A-E3DE140C9EE2}"
EndProject
Project("{FAE04EC0-301F-11D3-BF4B-00C04F79EFBC}") = "ROPSiruta", "ROPSiruta\ROPSiruta.csproj", "{7CA077E3-D45C-426C-B6B7-97A9F22169A2}"
EndProject
Project("{FAE04EC0-301F-11D3-BF4B-00C04F79EFBC}") = "ROPCommon", "ROPCommon\ROPCommon.csproj", "{3C5ADB04-ACB6-494A-9651-DF7021A9548A}"
EndProject
Project("{FAE04EC0-301F-11D3-BF4B-00C04F79EFBC}") = "ROPLoadDataConsole", "ROPLoadDataConsole\ROPLoadDataConsole.csproj", "{25EC355C-68CA-4B07-9EE3-FB3FC9AACCBE}"
EndProject
Global
	GlobalSection(SolutionConfigurationPlatforms) = preSolution
		Debug|Any CPU = Debug|Any CPU
		Release|Any CPU = Release|Any CPU
	EndGlobalSection
	GlobalSection(ProjectConfigurationPlatforms) = postSolution
		{D7A069F0-B74A-4199-A59E-0BD2C8303D5C}.Debug|Any CPU.ActiveCfg = Debug|Any CPU
		{D7A069F0-B74A-4199-A59E-0BD2C8303D5C}.Debug|Any CPU.Build.0 = Debug|Any CPU
		{D7A069F0-B74A-4199-A59E-0BD2C8303D5C}.Release|Any CPU.ActiveCfg = Release|Any CPU
		{D7A069F0-B74A-4199-A59E-0BD2C8303D5C}.Release|Any CPU.Build.0 = Release|Any CPU
		{DF7A557B-39A8-42DD-BA4A-E3DE140C9EE2}.Debug|Any CPU.ActiveCfg = Debug|Any CPU
		{DF7A557B-39A8-42DD-BA4A-E3DE140C9EE2}.Debug|Any CPU.Build.0 = Debug|Any CPU
		{DF7A557B-39A8-42DD-BA4A-E3DE140C9EE2}.Release|Any CPU.ActiveCfg = Release|Any CPU
		{DF7A557B-39A8-42DD-BA4A-E3DE140C9EE2}.Release|Any CPU.Build.0 = Release|Any CPU
		{7CA077E3-D45C-426C-B6B7-97A9F22169A2}.Debug|Any CPU.ActiveCfg = Debug|Any CPU
		{7CA077E3-D45C-426C-B6B7-97A9F22169A2}.Debug|Any CPU.Build.0 = Debug|Any CPU
		{7CA077E3-D45C-426C-B6B7-97A9F22169A2}.Release|Any CPU.ActiveCfg = Release|Any CPU
		{7CA077E3-D45C-426C-B6B7-97A9F22169A2}.Release|Any CPU.Build.0 = Release|Any CPU
		{3C5ADB04-ACB6-494A-9651-DF7021A9548A}.Debug|Any CPU.ActiveCfg = Debug|Any CPU
		{3C5ADB04-ACB6-494A-9651-DF7021A9548A}.Debug|Any CPU.Build.0 = Debug|Any CPU
		{3C5ADB04-ACB6-494A-9651-DF7021A9548A}.Release|Any CPU.ActiveCfg = Release|Any CPU
		{3C5ADB04-ACB6-494A-9651-DF7021A9548A}.Release|Any CPU.Build.0 = Release|Any CPU
		{25EC355C-68CA-4B07-9EE3-FB3FC9AACCBE}.Debug|Any CPU.ActiveCfg = Debug|Any CPU
		{25EC355C-68CA-4B07-9EE3-FB3FC9AACCBE}.Debug|Any CPU.Build.0 = Debug|Any CPU
		{25EC355C-68CA-4B07-9EE3-FB3FC9AACCBE}.Release|Any CPU.ActiveCfg = Release|Any CPU
		{25EC355C-68CA-4B07-9EE3-FB3FC9AACCBE}.Release|Any CPU.Build.0 = Release|Any CPU
	EndGlobalSection
	GlobalSection(SolutionProperties) = preSolution
		HideSolutionNode = FALSE
	EndGlobalSection
EndGlobal
